
Microsoft Visual Studio Solution File, Format Version 12.00
# Visual Studio 2012
Project("{FAE04EC0-301F-11D3-BF4B-00C04F79EFBC}") = "DT.Xamarin.TappyBleSDK", "DT.Xamarin.TappyBleSDK\DT.Xamarin.TappyBleSDK.csproj", "{B862AF7D-BAE6-48F4-A7D0-D212618C8491}"
EndProject
Project("{FAE04EC0-301F-11D3-BF4B-00C04F79EFBC}") = "TestApp", "TestApp\TestApp.csproj", "{76DE2183-6356-444E-85B2-E29A1190094C}"
EndProject
Global
	GlobalSection(SolutionConfigurationPlatforms) = preSolution
		Debug|Any CPU = Debug|Any CPU
		Release|Any CPU = Release|Any CPU
	EndGlobalSection
	GlobalSection(ProjectConfigurationPlatforms) = postSolution
		{B862AF7D-BAE6-48F4-A7D0-D212618C8491}.Debug|Any CPU.ActiveCfg = Debug|Any CPU
		{B862AF7D-BAE6-48F4-A7D0-D212618C8491}.Debug|Any CPU.Build.0 = Debug|Any CPU
		{B862AF7D-BAE6-48F4-A7D0-D212618C8491}.Release|Any CPU.ActiveCfg = Release|Any CPU
		{B862AF7D-BAE6-48F4-A7D0-D212618C8491}.Release|Any CPU.Build.0 = Release|Any CPU
		{76DE2183-6356-444E-85B2-E29A1190094C}.Debug|Any CPU.ActiveCfg = Debug|Any CPU
		{76DE2183-6356-444E-85B2-E29A1190094C}.Debug|Any CPU.Build.0 = Debug|Any CPU
		{76DE2183-6356-444E-85B2-E29A1190094C}.Release|Any CPU.ActiveCfg = Release|Any CPU
		{76DE2183-6356-444E-85B2-E29A1190094C}.Release|Any CPU.Build.0 = Release|Any CPU
	EndGlobalSection
EndGlobal
